
Microsoft Visual Studio Solution File, Format Version 12.00
# Visual Studio Version 17
VisualStudioVersion = 17.2.32630.192
MinimumVisualStudioVersion = 10.0.40219.1
Project("{FAE04EC0-301F-11D3-BF4B-00C04F79EFBC}") = "ConsoleApp8", "ConsoleApp8\ConsoleApp8.csproj", "{C3441030-1535-4815-A9F0-FD20A28910AF}"
EndProject
Global
	GlobalSection(SolutionConfigurationPlatforms) = preSolution
		Debug|Any CPU = Debug|Any CPU
		Release|Any CPU = Release|Any CPU
	EndGlobalSection
	GlobalSection(ProjectConfigurationPlatforms) = postSolution
		{C3441030-1535-4815-A9F0-FD20A28910AF}.Debug|Any CPU.ActiveCfg = Debug|Any CPU
		{C3441030-1535-4815-A9F0-FD20A28910AF}.Debug|Any CPU.Build.0 = Debug|Any CPU
		{C3441030-1535-4815-A9F0-FD20A28910AF}.Release|Any CPU.ActiveCfg = Release|Any CPU
		{C3441030-1535-4815-A9F0-FD20A28910AF}.Release|Any CPU.Build.0 = Release|Any CPU
	EndGlobalSection
	GlobalSection(SolutionProperties) = preSolution
		HideSolutionNode = FALSE
	EndGlobalSection
	GlobalSection(ExtensibilityGlobals) = postSolution
		SolutionGuid = {2381F744-799D-4E34-AB08-D813CB6FA96C}
	EndGlobalSection
EndGlobal
